
Microsoft Visual Studio Solution File, Format Version 12.00
# Visual Studio Version 17
VisualStudioVersion = 17.3.32929.385
MinimumVisualStudioVersion = 10.0.40219.1
Project("{FAE04EC0-301F-11D3-BF4B-00C04F79EFBC}") = "Pirate_War_v1", "Pirate_War_v1\Pirate_War_v1.csproj", "{6905A8E5-92C4-467A-A3C0-FBDFF6D5AEEB}"
EndProject
Global
	GlobalSection(SolutionConfigurationPlatforms) = preSolution
		Debug|Any CPU = Debug|Any CPU
		Release|Any CPU = Release|Any CPU
	EndGlobalSection
	GlobalSection(ProjectConfigurationPlatforms) = postSolution
		{6905A8E5-92C4-467A-A3C0-FBDFF6D5AEEB}.Debug|Any CPU.ActiveCfg = Debug|Any CPU
		{6905A8E5-92C4-467A-A3C0-FBDFF6D5AEEB}.Debug|Any CPU.Build.0 = Debug|Any CPU
		{6905A8E5-92C4-467A-A3C0-FBDFF6D5AEEB}.Release|Any CPU.ActiveCfg = Release|Any CPU
		{6905A8E5-92C4-467A-A3C0-FBDFF6D5AEEB}.Release|Any CPU.Build.0 = Release|Any CPU
	EndGlobalSection
	GlobalSection(SolutionProperties) = preSolution
		HideSolutionNode = FALSE
	EndGlobalSection
	GlobalSection(ExtensibilityGlobals) = postSolution
		SolutionGuid = {162A0FFA-28B7-4794-BACF-526C4377F926}
	EndGlobalSection
EndGlobal
